
Microsoft Visual Studio Solution File, Format Version 12.00
# Visual Studio Version 17
VisualStudioVersion = 17.4.33205.214
MinimumVisualStudioVersion = 10.0.40219.1
Project("{FAE04EC0-301F-11D3-BF4B-00C04F79EFBC}") = "Web_BTL", "Web_BTL.csproj", "{8E970D7C-E929-4CE9-A424-11BD11A6C6B9}"
EndProject
Global
	GlobalSection(SolutionConfigurationPlatforms) = preSolution
		Debug|Any CPU = Debug|Any CPU
		Release|Any CPU = Release|Any CPU
	EndGlobalSection
	GlobalSection(ProjectConfigurationPlatforms) = postSolution
		{8E970D7C-E929-4CE9-A424-11BD11A6C6B9}.Debug|Any CPU.ActiveCfg = Debug|Any CPU
		{8E970D7C-E929-4CE9-A424-11BD11A6C6B9}.Debug|Any CPU.Build.0 = Debug|Any CPU
		{8E970D7C-E929-4CE9-A424-11BD11A6C6B9}.Release|Any CPU.ActiveCfg = Release|Any CPU
		{8E970D7C-E929-4CE9-A424-11BD11A6C6B9}.Release|Any CPU.Build.0 = Release|Any CPU
	EndGlobalSection
	GlobalSection(SolutionProperties) = preSolution
		HideSolutionNode = FALSE
	EndGlobalSection
	GlobalSection(ExtensibilityGlobals) = postSolution
		SolutionGuid = {40867425-98D3-4FA9-82CA-CC1558A32F57}
	EndGlobalSection
EndGlobal
